// !$*UTF8*$!
{
	archiveVersion = 1;
	classes = {
	};
	objectVersion = 46;
	objects = {

/* Begin PBXBuildFile section */
		2129ECB31BA035DF001EF50A /* main.m in Sources */ = {isa = PBXBuildFile; fileRef = 2129ECB21BA035DF001EF50A /* main.m */; };
		2129ECB61BA035DF001EF50A /* AppDelegate.m in Sources */ = {isa = PBXBuildFile; fileRef = 2129ECB51BA035DF001EF50A /* AppDelegate.m */; };
		2129ECB91BA035DF001EF50A /* ViewController.m in Sources */ = {isa = PBXBuildFile; fileRef = 2129ECB81BA035DF001EF50A /* ViewController.m */; };
		2129ECBC1BA035DF001EF50A /* Main.storyboard in Resources */ = {isa = PBXBuildFile; fileRef = 2129ECBA1BA035DF001EF50A /* Main.storyboard */; };
		2129ECBE1BA035DF001EF50A /* Images.xcassets in Resources */ = {isa = PBXBuildFile; fileRef = 2129ECBD1BA035DF001EF50A /* Images.xcassets */; };
		2129ECC11BA035DF001EF50A /* LaunchScreen.xib in Resources */ = {isa = PBXBuildFile; fileRef = 2129ECBF1BA035DF001EF50A /* LaunchScreen.xib */; };
		2129ECCD1BA035DF001EF50A /* TheUnbelievableSequencerTests.m in Sources */ = {isa = PBXBuildFile; fileRef = 2129ECCC1BA035DF001EF50A /* TheUnbelievableSequencerTests.m */; };
		2129ECE01BA03637001EF50A /* AudioToolbox.framework in Frameworks */ = {isa = PBXBuildFile; fileRef = 2129ECDF1BA03637001EF50A /* AudioToolbox.framework */; };
		2129ECE21BA03640001EF50A /* AVFoundation.framework in Frameworks */ = {isa = PBXBuildFile; fileRef = 2129ECE11BA03640001EF50A /* AVFoundation.framework */; };
		2129ECE41BA03646001EF50A /* Accelerate.framework in Frameworks */ = {isa = PBXBuildFile; fileRef = 2129ECE31BA03646001EF50A /* Accelerate.framework */; };
		2129ECED1BA036DF001EF50A /* AESequencerChannel.m in Sources */ = {isa = PBXBuildFile; fileRef = 2129ECE81BA036DF001EF50A /* AESequencerChannel.m */; };
		2129ECEE1BA036DF001EF50A /* SequencerCell.m in Sources */ = {isa = PBXBuildFile; fileRef = 2129ECEA1BA036DF001EF50A /* SequencerCell.m */; };
		2129ECEF1BA036DF001EF50A /* SequencerLayout.m in Sources */ = {isa = PBXBuildFile; fileRef = 2129ECEC1BA036DF001EF50A /* SequencerLayout.m */; };
		2129ECF91BA03837001EF50A /* libTheAmazingAudioEngine.a in Frameworks */ = {isa = PBXBuildFile; fileRef = 2129ECF61BA03826001EF50A /* libTheAmazingAudioEngine.a */; };
		2129ECFD1BA038C7001EF50A /* Midis in Resources */ = {isa = PBXBuildFile; fileRef = 2129ECFA1BA038C7001EF50A /* Midis */; };
		2129ECFE1BA038C7001EF50A /* Presets in Resources */ = {isa = PBXBuildFile; fileRef = 2129ECFB1BA038C7001EF50A /* Presets */; };
		2129ECFF1BA038C7001EF50A /* Sounds in Resources */ = {isa = PBXBuildFile; fileRef = 2129ECFC1BA038C7001EF50A /* Sounds */; };
/* End PBXBuildFile section */

/* Begin PBXContainerItemProxy section */
		2129ECC71BA035DF001EF50A /* PBXContainerItemProxy */ = {
			isa = PBXContainerItemProxy;
			containerPortal = 2129ECA51BA035DF001EF50A /* Project object */;
			proxyType = 1;
			remoteGlobalIDString = 2129ECAC1BA035DF001EF50A;
			remoteInfo = TheUnbelievableSequencer;
		};
		2129ECF51BA03826001EF50A /* PBXContainerItemProxy */ = {
			isa = PBXContainerItemProxy;
			containerPortal = 2129ECF11BA03826001EF50A /* TheAmazingAudioEngine.xcodeproj */;
			proxyType = 2;
			remoteGlobalIDString = 4C215CEC1523A7D500D36CAD;
			remoteInfo = TheAmazingAudioEngine;
		};
		2129ECF71BA03833001EF50A /* PBXContainerItemProxy */ = {
			isa = PBXContainerItemProxy;
			containerPortal = 2129ECF11BA03826001EF50A /* TheAmazingAudioEngine.xcodeproj */;
			proxyType = 1;
			remoteGlobalIDString = 4C215CEB1523A7D500D36CAD;
			remoteInfo = TheAmazingAudioEngine;
		};
/* End PBXContainerItemProxy section */

/* Begin PBXFileReference section */
		2129ECAD1BA035DF001EF50A /* TheUnbelievableSequencer.app */ = {isa = PBXFileReference; explicitFileType = wrapper.application; includeInIndex = 0; path = TheUnbelievableSequencer.app; sourceTree = BUILT_PRODUCTS_DIR; };
		2129ECB11BA035DF001EF50A /* Info.plist */ = {isa = PBXFileReference; lastKnownFileType = text.plist.xml; path = Info.plist; sourceTree = "<group>"; };
		2129ECB21BA035DF001EF50A /* main.m */ = {isa = PBXFileReference; lastKnownFileType = sourcecode.c.objc; path = main.m; sourceTree = "<group>"; };
		2129ECB41BA035DF001EF50A /* AppDelegate.h */ = {isa = PBXFileReference; lastKnownFileType = sourcecode.c.h; path = AppDelegate.h; sourceTree = "<group>"; };
		2129ECB51BA035DF001EF50A /* AppDelegate.m */ = {isa = PBXFileReference; lastKnownFileType = sourcecode.c.objc; path = AppDelegate.m; sourceTree = "<group>"; };
		2129ECB71BA035DF001EF50A /* ViewController.h */ = {isa = PBXFileReference; lastKnownFileType = sourcecode.c.h; path = ViewController.h; sourceTree = "<group>"; };
		2129ECB81BA035DF001EF50A /* ViewController.m */ = {isa = PBXFileReference; lastKnownFileType = sourcecode.c.objc; path = ViewController.m; sourceTree = "<group>"; };
		2129ECBB1BA035DF001EF50A /* Base */ = {isa = PBXFileReference; lastKnownFileType = file.storyboard; name = Base; path = Base.lproj/Main.storyboard; sourceTree = "<group>"; };
		2129ECBD1BA035DF001EF50A /* Images.xcassets */ = {isa = PBXFileReference; lastKnownFileType = folder.assetcatalog; path = Images.xcassets; sourceTree = "<group>"; };
		2129ECC01BA035DF001EF50A /* Base */ = {isa = PBXFileReference; lastKnownFileType = file.xib; name = Base; path = Base.lproj/LaunchScreen.xib; sourceTree = "<group>"; };
		2129ECC61BA035DF001EF50A /* TheUnbelievableSequencerTests.xctest */ = {isa = PBXFileReference; explicitFileType = wrapper.cfbundle; includeInIndex = 0; path = TheUnbelievableSequencerTests.xctest; sourceTree = BUILT_PRODUCTS_DIR; };
		2129ECCB1BA035DF001EF50A /* Info.plist */ = {isa = PBXFileReference; lastKnownFileType = text.plist.xml; path = Info.plist; sourceTree = "<group>"; };
		2129ECCC1BA035DF001EF50A /* TheUnbelievableSequencerTests.m */ = {isa = PBXFileReference; lastKnownFileType = sourcecode.c.objc; path = TheUnbelievableSequencerTests.m; sourceTree = "<group>"; };
		2129ECDF1BA03637001EF50A /* AudioToolbox.framework */ = {isa = PBXFileReference; lastKnownFileType = wrapper.framework; name = AudioToolbox.framework; path = System/Library/Frameworks/AudioToolbox.framework; sourceTree = SDKROOT; };
		2129ECE11BA03640001EF50A /* AVFoundation.framework */ = {isa = PBXFileReference; lastKnownFileType = wrapper.framework; name = AVFoundation.framework; path = System/Library/Frameworks/AVFoundation.framework; sourceTree = SDKROOT; };
		2129ECE31BA03646001EF50A /* Accelerate.framework */ = {isa = PBXFileReference; lastKnownFileType = wrapper.framework; name = Accelerate.framework; path = System/Library/Frameworks/Accelerate.framework; sourceTree = SDKROOT; };
		2129ECE71BA036DF001EF50A /* AESequencerChannel.h */ = {isa = PBXFileReference; fileEncoding = 4; lastKnownFileType = sourcecode.c.h; path = AESequencerChannel.h; sourceTree = "<group>"; };
		2129ECE81BA036DF001EF50A /* AESequencerChannel.m */ = {isa = PBXFileReference; fileEncoding = 4; lastKnownFileType = sourcecode.c.objc; path = AESequencerChannel.m; sourceTree = "<group>"; };
		2129ECE91BA036DF001EF50A /* SequencerCell.h */ = {isa = PBXFileReference; fileEncoding = 4; lastKnownFileType = sourcecode.c.h; path = SequencerCell.h; sourceTree = "<group>"; };
		2129ECEA1BA036DF001EF50A /* SequencerCell.m */ = {isa = PBXFileReference; fileEncoding = 4; lastKnownFileType = sourcecode.c.objc; path = SequencerCell.m; sourceTree = "<group>"; };
		2129ECEB1BA036DF001EF50A /* SequencerLayout.h */ = {isa = PBXFileReference; fileEncoding = 4; lastKnownFileType = sourcecode.c.h; path = SequencerLayout.h; sourceTree = "<group>"; };
		2129ECEC1BA036DF001EF50A /* SequencerLayout.m */ = {isa = PBXFileReference; fileEncoding = 4; lastKnownFileType = sourcecode.c.objc; path = SequencerLayout.m; sourceTree = "<group>"; };
		2129ECF11BA03826001EF50A /* TheAmazingAudioEngine.xcodeproj */ = {isa = PBXFileReference; lastKnownFileType = "wrapper.pb-project"; name = TheAmazingAudioEngine.xcodeproj; path = ../../../zLibraries/TheAmazingAudioEngine/TheAmazingAudioEngine.xcodeproj; sourceTree = "<group>"; };
		2129ECFA1BA038C7001EF50A /* Midis */ = {isa = PBXFileReference; lastKnownFileType = folder; path = Midis; sourceTree = SOURCE_ROOT; };
		2129ECFB1BA038C7001EF50A /* Presets */ = {isa = PBXFileReference; lastKnownFileType = folder; path = Presets; sourceTree = SOURCE_ROOT; };
		2129ECFC1BA038C7001EF50A /* Sounds */ = {isa = PBXFileReference; lastKnownFileType = folder; path = Sounds; sourceTree = SOURCE_ROOT; };
/* End PBXFileReference section */

/* Begin PBXFrameworksBuildPhase section */
		2129ECAA1BA035DF001EF50A /* Frameworks */ = {
			isa = PBXFrameworksBuildPhase;
			buildActionMask = 2147483647;
			files = (
				2129ECF91BA03837001EF50A /* libTheAmazingAudioEngine.a in Frameworks */,
				2129ECE41BA03646001EF50A /* Accelerate.framework in Frameworks */,
				2129ECE21BA03640001EF50A /* AVFoundation.framework in Frameworks */,
				2129ECE01BA03637001EF50A /* AudioToolbox.framework in Frameworks */,
			);
			runOnlyForDeploymentPostprocessing = 0;
		};
		2129ECC31BA035DF001EF50A /* Frameworks */ = {
			isa = PBXFrameworksBuildPhase;
			buildActionMask = 2147483647;
			files = (
			);
			runOnlyForDeploymentPostprocessing = 0;
		};
/* End PBXFrameworksBuildPhase section */

/* Begin PBXGroup section */
		2129ECA41BA035DF001EF50A = {
			isa = PBXGroup;
			children = (
				2129ECF11BA03826001EF50A /* TheAmazingAudioEngine.xcodeproj */,
				2129ECAF1BA035DF001EF50A /* TheUnbelievableSequencer */,
				2129ECC91BA035DF001EF50A /* TheUnbelievableSequencerTests */,
				2129ECAE1BA035DF001EF50A /* Products */,
				2129ECE31BA03646001EF50A /* Accelerate.framework */,
				2129ECE11BA03640001EF50A /* AVFoundation.framework */,
				2129ECDF1BA03637001EF50A /* AudioToolbox.framework */,
			);
			sourceTree = "<group>";
		};
		2129ECAE1BA035DF001EF50A /* Products */ = {
			isa = PBXGroup;
			children = (
				2129ECAD1BA035DF001EF50A /* TheUnbelievableSequencer.app */,
				2129ECC61BA035DF001EF50A /* TheUnbelievableSequencerTests.xctest */,
			);
			name = Products;
			sourceTree = "<group>";
		};
		2129ECAF1BA035DF001EF50A /* TheUnbelievableSequencer */ = {
			isa = PBXGroup;
			children = (
				2129ECB41BA035DF001EF50A /* AppDelegate.h */,
				2129ECB51BA035DF001EF50A /* AppDelegate.m */,
				2129ECB71BA035DF001EF50A /* ViewController.h */,
				2129ECB81BA035DF001EF50A /* ViewController.m */,
				2129ECE71BA036DF001EF50A /* AESequencerChannel.h */,
				2129ECE81BA036DF001EF50A /* AESequencerChannel.m */,
				2129ECE91BA036DF001EF50A /* SequencerCell.h */,
				2129ECEA1BA036DF001EF50A /* SequencerCell.m */,
				2129ECEB1BA036DF001EF50A /* SequencerLayout.h */,
				2129ECEC1BA036DF001EF50A /* SequencerLayout.m */,
				2129ECBA1BA035DF001EF50A /* Main.storyboard */,
				2129ECBD1BA035DF001EF50A /* Images.xcassets */,
				2129ECBF1BA035DF001EF50A /* LaunchScreen.xib */,
				2129ECFA1BA038C7001EF50A /* Midis */,
				2129ECFB1BA038C7001EF50A /* Presets */,
				2129ECFC1BA038C7001EF50A /* Sounds */,
				2129ECB01BA035DF001EF50A /* Supporting Files */,
			);
			path = TheUnbelievableSequencer;
			sourceTree = "<group>";
		};
		2129ECB01BA035DF001EF50A /* Supporting Files */ = {
			isa = PBXGroup;
			children = (
				2129ECB11BA035DF001EF50A /* Info.plist */,
				2129ECB21BA035DF001EF50A /* main.m */,
			);
			name = "Supporting Files";
			sourceTree = "<group>";
		};
		2129ECC91BA035DF001EF50A /* TheUnbelievableSequencerTests */ = {
			isa = PBXGroup;
			children = (
				2129ECCC1BA035DF001EF50A /* TheUnbelievableSequencerTests.m */,
				2129ECCA1BA035DF001EF50A /* Supporting Files */,
			);
			path = TheUnbelievableSequencerTests;
			sourceTree = "<group>";
		};
		2129ECCA1BA035DF001EF50A /* Supporting Files */ = {
			isa = PBXGroup;
			children = (
				2129ECCB1BA035DF001EF50A /* Info.plist */,
			);
			name = "Supporting Files";
			sourceTree = "<group>";
		};
		2129ECF21BA03826001EF50A /* Products */ = {
			isa = PBXGroup;
			children = (
				2129ECF61BA03826001EF50A /* libTheAmazingAudioEngine.a */,
			);
			name = Products;
			sourceTree = "<group>";
		};
/* End PBXGroup section */

/* Begin PBXNativeTarget section */
		2129ECAC1BA035DF001EF50A /* TheUnbelievableSequencer */ = {
			isa = PBXNativeTarget;
			buildConfigurationList = 2129ECD01BA035DF001EF50A /* Build configuration list for PBXNativeTarget "TheUnbelievableSequencer" */;
			buildPhases = (
				2129ECA91BA035DF001EF50A /* Sources */,
				2129ECAA1BA035DF001EF50A /* Frameworks */,
				2129ECAB1BA035DF001EF50A /* Resources */,
			);
			buildRules = (
			);
			dependencies = (
				2129ECF81BA03833001EF50A /* PBXTargetDependency */,
			);
			name = TheUnbelievableSequencer;
			productName = TheUnbelievableSequencer;
			productReference = 2129ECAD1BA035DF001EF50A /* TheUnbelievableSequencer.app */;
			productType = "com.apple.product-type.application";
		};
		2129ECC51BA035DF001EF50A /* TheUnbelievableSequencerTests */ = {
			isa = PBXNativeTarget;
			buildConfigurationList = 2129ECD31BA035DF001EF50A /* Build configuration list for PBXNativeTarget "TheUnbelievableSequencerTests" */;
			buildPhases = (
				2129ECC21BA035DF001EF50A /* Sources */,
				2129ECC31BA035DF001EF50A /* Frameworks */,
				2129ECC41BA035DF001EF50A /* Resources */,
			);
			buildRules = (
			);
			dependencies = (
				2129ECC81BA035DF001EF50A /* PBXTargetDependency */,
			);
			name = TheUnbelievableSequencerTests;
			productName = TheUnbelievableSequencerTests;
			productReference = 2129ECC61BA035DF001EF50A /* TheUnbelievableSequencerTests.xctest */;
			productType = "com.apple.product-type.bundle.unit-test";
		};
/* End PBXNativeTarget section */

/* Begin PBXProject section */
		2129ECA51BA035DF001EF50A /* Project object */ = {
			isa = PBXProject;
			attributes = {
				LastUpgradeCheck = 0640;
				ORGANIZATIONNAME = "Alejandro Santander";
				TargetAttributes = {
					2129ECAC1BA035DF001EF50A = {
						CreatedOnToolsVersion = 6.4;
					};
					2129ECC51BA035DF001EF50A = {
						CreatedOnToolsVersion = 6.4;
						TestTargetID = 2129ECAC1BA035DF001EF50A;
					};
				};
			};
			buildConfigurationList = 2129ECA81BA035DF001EF50A /* Build configuration list for PBXProject "TheUnbelievableSequencer" */;
			compatibilityVersion = "Xcode 3.2";
			developmentRegion = English;
			hasScannedForEncodings = 0;
			knownRegions = (
				en,
				Base,
			);
			mainGroup = 2129ECA41BA035DF001EF50A;
			productRefGroup = 2129ECAE1BA035DF001EF50A /* Products */;
			projectDirPath = "";
			projectReferences = (
				{
					ProductGroup = 2129ECF21BA03826001EF50A /* Products */;
					ProjectRef = 2129ECF11BA03826001EF50A /* TheAmazingAudioEngine.xcodeproj */;
				},
			);
			projectRoot = "";
			targets = (
				2129ECAC1BA035DF001EF50A /* TheUnbelievableSequencer */,
				2129ECC51BA035DF001EF50A /* TheUnbelievableSequencerTests */,
			);
		};
/* End PBXProject section */

/* Begin PBXReferenceProxy section */
		2129ECF61BA03826001EF50A /* libTheAmazingAudioEngine.a */ = {
			isa = PBXReferenceProxy;
			fileType = archive.ar;
			path = libTheAmazingAudioEngine.a;
			remoteRef = 2129ECF51BA03826001EF50A /* PBXContainerItemProxy */;
			sourceTree = BUILT_PRODUCTS_DIR;
		};
/* End PBXReferenceProxy section */

/* Begin PBXResourcesBuildPhase section */
		2129ECAB1BA035DF001EF50A /* Resources */ = {
			isa = PBXResourcesBuildPhase;
			buildActionMask = 2147483647;
			files = (
				2129ECFF1BA038C7001EF50A /* Sounds in Resources */,
				2129ECFE1BA038C7001EF50A /* Presets in Resources */,
				2129ECBC1BA035DF001EF50A /* Main.storyboard in Resources */,
				2129ECC11BA035DF001EF50A /* LaunchScreen.xib in Resources */,
				2129ECBE1BA035DF001EF50A /* Images.xcassets in Resources */,
				2129ECFD1BA038C7001EF50A /* Midis in Resources */,
			);
			runOnlyForDeploymentPostprocessing = 0;
		};
		2129ECC41BA035DF001EF50A /* Resources */ = {
			isa = PBXResourcesBuildPhase;
			buildActionMask = 2147483647;
			files = (
			);
			runOnlyForDeploymentPostprocessing = 0;
		};
/* End PBXResourcesBuildPhase section */

/* Begin PBXSourcesBuildPhase section */
		2129ECA91BA035DF001EF50A /* Sources */ = {
			isa = PBXSourcesBuildPhase;
			buildActionMask = 2147483647;
			files = (
				2129ECB91BA035DF001EF50A /* ViewController.m in Sources */,
				2129ECEF1BA036DF001EF50A /* SequencerLayout.m in Sources */,
				2129ECED1BA036DF001EF50A /* AESequencerChannel.m in Sources */,
				2129ECB61BA035DF001EF50A /* AppDelegate.m in Sources */,
				2129ECB31BA035DF001EF50A /* main.m in Sources */,
				2129ECEE1BA036DF001EF50A /* SequencerCell.m in Sources */,
			);
			runOnlyForDeploymentPostprocessing = 0;
		};
		2129ECC21BA035DF001EF50A /* Sources */ = {
			isa = PBXSourcesBuildPhase;
			buildActionMask = 2147483647;
			files = (
				2129ECCD1BA035DF001EF50A /* TheUnbelievableSequencerTests.m in Sources */,
			);
			runOnlyForDeploymentPostprocessing = 0;
		};
/* End PBXSourcesBuildPhase section */

/* Begin PBXTargetDependency section */
		2129ECC81BA035DF001EF50A /* PBXTargetDependency */ = {
			isa = PBXTargetDependency;
			target = 2129ECAC1BA035DF001EF50A /* TheUnbelievableSequencer */;
			targetProxy = 2129ECC71BA035DF001EF50A /* PBXContainerItemProxy */;
		};
		2129ECF81BA03833001EF50A /* PBXTargetDependency */ = {
			isa = PBXTargetDependency;
			name = TheAmazingAudioEngine;
			targetProxy = 2129ECF71BA03833001EF50A /* PBXContainerItemProxy */;
		};
/* End PBXTargetDependency section */

/* Begin PBXVariantGroup section */
		2129ECBA1BA035DF001EF50A /* Main.storyboard */ = {
			isa = PBXVariantGroup;
			children = (
				2129ECBB1BA035DF001EF50A /* Base */,
			);
			name = Main.storyboard;
			sourceTree = "<group>";
		};
		2129ECBF1BA035DF001EF50A /* LaunchScreen.xib */ = {
			isa = PBXVariantGroup;
			children = (
				2129ECC01BA035DF001EF50A /* Base */,
			);
			name = LaunchScreen.xib;
			sourceTree = "<group>";
		};
/* End PBXVariantGroup section */

/* Begin XCBuildConfiguration section */
		2129ECCE1BA035DF001EF50A /* Debug */ = {
			isa = XCBuildConfiguration;
			buildSettings = {
				ALWAYS_SEARCH_USER_PATHS = NO;
				CLANG_CXX_LANGUAGE_STANDARD = "gnu++0x";
				CLANG_CXX_LIBRARY = "libc++";
				CLANG_ENABLE_MODULES = YES;
				CLANG_ENABLE_OBJC_ARC = YES;
				CLANG_WARN_BOOL_CONVERSION = YES;
				CLANG_WARN_CONSTANT_CONVERSION = YES;
				CLANG_WARN_DIRECT_OBJC_ISA_USAGE = YES_ERROR;
				CLANG_WARN_EMPTY_BODY = YES;
				CLANG_WARN_ENUM_CONVERSION = YES;
				CLANG_WARN_INT_CONVERSION = YES;
				CLANG_WARN_OBJC_ROOT_CLASS = YES_ERROR;
				CLANG_WARN_UNREACHABLE_CODE = YES;
				CLANG_WARN__DUPLICATE_METHOD_MATCH = YES;
				"CODE_SIGN_IDENTITY[sdk=iphoneos*]" = "iPhone Developer";
				COPY_PHASE_STRIP = NO;
				DEBUG_INFORMATION_FORMAT = "dwarf-with-dsym";
				ENABLE_STRICT_OBJC_MSGSEND = YES;
				GCC_C_LANGUAGE_STANDARD = gnu99;
				GCC_DYNAMIC_NO_PIC = NO;
				GCC_NO_COMMON_BLOCKS = YES;
				GCC_OPTIMIZATION_LEVEL = 0;
				GCC_PREPROCESSOR_DEFINITIONS = (
					"DEBUG=1",
					"$(inherited)",
				);
				GCC_SYMBOLS_PRIVATE_EXTERN = NO;
				GCC_WARN_64_TO_32_BIT_CONVERSION = YES;
				GCC_WARN_ABOUT_RETURN_TYPE = YES_ERROR;
				GCC_WARN_UNDECLARED_SELECTOR = YES;
				GCC_WARN_UNINITIALIZED_AUTOS = YES_AGGRESSIVE;
				GCC_WARN_UNUSED_FUNCTION = YES;
				GCC_WARN_UNUSED_VARIABLE = YES;
				IPHONEOS_DEPLOYMENT_TARGET = 8.4;
				MTL_ENABLE_DEBUG_INFO = YES;
				ONLY_ACTIVE_ARCH = YES;
				SDKROOT = iphoneos;
				TARGETED_DEVICE_FAMILY = "1,2";
			};
			name = Debug;
		};
		2129ECCF1BA035DF001EF50A /* Release */ = {
			isa = XCBuildConfiguration;
			buildSettings = {
				ALWAYS_SEARCH_USER_PATHS = NO;
				CLANG_CXX_LANGUAGE_STANDARD = "gnu++0x";
				CLANG_CXX_LIBRARY = "libc++";
				CLANG_ENABLE_MODULES = YES;
				CLANG_ENABLE_OBJC_ARC = YES;
				CLANG_WARN_BOOL_CONVERSION = YES;
				CLANG_WARN_CONSTANT_CONVERSION = YES;
				CLANG_WARN_DIRECT_OBJC_ISA_USAGE = YES_ERROR;
				CLANG_WARN_EMPTY_BODY = YES;
				CLANG_WARN_ENUM_CONVERSION = YES;
				CLANG_WARN_INT_CONVERSION = YES;
				CLANG_WARN_OBJC_ROOT_CLASS = YES_ERROR;
				CLANG_WARN_UNREACHABLE_CODE = YES;
				CLANG_WARN__DUPLICATE_METHOD_MATCH = YES;
				"CODE_SIGN_IDENTITY[sdk=iphoneos*]" = "iPhone Developer";
				COPY_PHASE_STRIP = NO;
				DEBUG_INFORMATION_FORMAT = "dwarf-with-dsym";
				ENABLE_NS_ASSERTIONS = NO;
				ENABLE_STRICT_OBJC_MSGSEND = YES;
				GCC_C_LANGUAGE_STANDARD = gnu99;
				GCC_NO_COMMON_BLOCKS = YES;
				GCC_WARN_64_TO_32_BIT_CONVERSION = YES;
				GCC_WARN_ABOUT_RETURN_TYPE = YES_ERROR;
				GCC_WARN_UNDECLARED_SELECTOR = YES;
				GCC_WARN_UNINITIALIZED_AUTOS = YES_AGGRESSIVE;
				GCC_WARN_UNUSED_FUNCTION = YES;
				GCC_WARN_UNUSED_VARIABLE = YES;
				IPHONEOS_DEPLOYMENT_TARGET = 8.4;
				MTL_ENABLE_DEBUG_INFO = NO;
				SDKROOT = iphoneos;
				TARGETED_DEVICE_FAMILY = "1,2";
				VALIDATE_PRODUCT = YES;
			};
			name = Release;
		};
		2129ECD11BA035DF001EF50A /* Debug */ = {
			isa = XCBuildConfiguration;
			buildSettings = {
				ASSETCATALOG_COMPILER_APPICON_NAME = AppIcon;
				HEADER_SEARCH_PATHS = (
					"$(inherited)",
					/Applications/Xcode.app/Contents/Developer/Toolchains/XcodeDefault.xctoolchain/usr/include,
					../../../zLibraries/TheAmazingAudioEngine/TheAmazingAudioEngine,
				);
				INFOPLIST_FILE = TheUnbelievableSequencer/Info.plist;
				IPHONEOS_DEPLOYMENT_TARGET = 8.1;
				LD_RUNPATH_SEARCH_PATHS = "$(inherited) @executable_path/Frameworks";
				PRODUCT_NAME = "$(TARGET_NAME)";
			};
			name = Debug;
		};
		2129ECD21BA035DF001EF50A /* Release */ = {
			isa = XCBuildConfiguration;
			buildSettings = {
				ASSETCATALOG_COMPILER_APPICON_NAME = AppIcon;
				HEADER_SEARCH_PATHS = (
					"$(inherited)",
					/Applications/Xcode.app/Contents/Developer/Toolchains/XcodeDefault.xctoolchain/usr/include,
					../../../zLibraries/TheAmazingAudioEngine/TheAmazingAudioEngine,
				);
				INFOPLIST_FILE = TheUnbelievableSequencer/Info.plist;
				IPHONEOS_DEPLOYMENT_TARGET = 8.1;
				LD_RUNPATH_SEARCH_PATHS = "$(inherited) @executable_path/Frameworks";
				PRODUCT_NAME = "$(TARGET_NAME)";
			};
			name = Release;
		};
		2129ECD41BA035DF001EF50A /* Debug */ = {
			isa = XCBuildConfiguration;
			buildSettings = {
				BUNDLE_LOADER = "$(TEST_HOST)";
				FRAMEWORK_SEARCH_PATHS = (
					"$(SDKROOT)/Developer/Library/Frameworks",
					"$(inherited)",
				);
				GCC_PREPROCESSOR_DEFINITIONS = (
					"DEBUG=1",
					"$(inherited)",
				);
				INFOPLIST_FILE = TheUnbelievableSequencerTests/Info.plist;
				LD_RUNPATH_SEARCH_PATHS = "$(inherited) @executable_path/Frameworks @loader_path/Frameworks";
				PRODUCT_NAME = "$(TARGET_NAME)";
				TEST_HOST = "$(BUILT_PRODUCTS_DIR)/TheUnbelievableSequencer.app/TheUnbelievableSequencer";
			};
			name = Debug;
		};
		2129ECD51BA035DF001EF50A /* Release */ = {
			isa = XCBuildConfiguration;
			buildSettings = {
				BUNDLE_LOADER = "$(TEST_HOST)";
				FRAMEWORK_SEARCH_PATHS = (
					"$(SDKROOT)/Developer/Library/Frameworks",
					"$(inherited)",
				);
				INFOPLIST_FILE = TheUnbelievableSequencerTests/Info.plist;
				LD_RUNPATH_SEARCH_PATHS = "$(inherited) @executable_path/Frameworks @loader_path/Frameworks";
				PRODUCT_NAME = "$(TARGET_NAME)";
				TEST_HOST = "$(BUILT_PRODUCTS_DIR)/TheUnbelievableSequencer.app/TheUnbelievableSequencer";
			};
			name = Release;
		};
/* End XCBuildConfiguration section */

/* Begin XCConfigurationList section */
		2129ECA81BA035DF001EF50A /* Build configuration list for PBXProject "TheUnbelievableSequencer" */ = {
			isa = XCConfigurationList;
			buildConfigurations = (
				2129ECCE1BA035DF001EF50A /* Debug */,
				2129ECCF1BA035DF001EF50A /* Release */,
			);
			defaultConfigurationIsVisible = 0;
			defaultConfigurationName = Release;
		};
		2129ECD01BA035DF001EF50A /* Build configuration list for PBXNativeTarget "TheUnbelievableSequencer" */ = {
			isa = XCConfigurationList;
			buildConfigurations = (
				2129ECD11BA035DF001EF50A /* Debug */,
				2129ECD21BA035DF001EF50A /* Release */,
			);
			defaultConfigurationIsVisible = 0;
			defaultConfigurationName = Release;
		};
		2129ECD31BA035DF001EF50A /* Build configuration list for PBXNativeTarget "TheUnbelievableSequencerTests" */ = {
			isa = XCConfigurationList;
			buildConfigurations = (
				2129ECD41BA035DF001EF50A /* Debug */,
				2129ECD51BA035DF001EF50A /* Release */,
			);
			defaultConfigurationIsVisible = 0;
			defaultConfigurationName = Release;
		};
/* End XCConfigurationList section */
	};
	rootObject = 2129ECA51BA035DF001EF50A /* Project object */;
}
